// !$*UTF8*$!
{
	archiveVersion = 1;
	classes = {
	};
	objectVersion = 50;
	objects = {

/* Begin PBXBuildFile section */
		CEB244A521F110DF002F2C85 /* AppDelegate.swift in Sources */ = {isa = PBXBuildFile; fileRef = CEB244A421F110DF002F2C85 /* AppDelegate.swift */; };
		CEB244A721F110DF002F2C85 /* ViewController.swift in Sources */ = {isa = PBXBuildFile; fileRef = CEB244A621F110DF002F2C85 /* ViewController.swift */; };
		CEB244AA21F110DF002F2C85 /* Main.storyboard in Resources */ = {isa = PBXBuildFile; fileRef = CEB244A821F110DF002F2C85 /* Main.storyboard */; };
		CEB244AC21F110E1002F2C85 /* Assets.xcassets in Resources */ = {isa = PBXBuildFile; fileRef = CEB244AB21F110E1002F2C85 /* Assets.xcassets */; };
		CEB244AF21F110E1002F2C85 /* LaunchScreen.storyboard in Resources */ = {isa = PBXBuildFile; fileRef = CEB244AD21F110E1002F2C85 /* LaunchScreen.storyboard */; };
		CEB244BA21F110E1002F2C85 /* iOS_table_swiftTests.swift in Sources */ = {isa = PBXBuildFile; fileRef = CEB244B921F110E1002F2C85 /* iOS_table_swiftTests.swift */; };
		CEB244C521F110E1002F2C85 /* iOS_table_swiftUITests.swift in Sources */ = {isa = PBXBuildFile; fileRef = CEB244C421F110E1002F2C85 /* iOS_table_swiftUITests.swift */; };
		CEB244D321F12461002F2C85 /* ListItems.swift in Sources */ = {isa = PBXBuildFile; fileRef = CEB244D221F12461002F2C85 /* ListItems.swift */; };
		CEB244D721F13F0A002F2C85 /* Cell.swift in Sources */ = {isa = PBXBuildFile; fileRef = CEB244D621F13F0A002F2C85 /* Cell.swift */; };
/* End PBXBuildFile section */

/* Begin PBXContainerItemProxy section */
		CEB244B621F110E1002F2C85 /* PBXContainerItemProxy */ = {
			isa = PBXContainerItemProxy;
			containerPortal = CEB2449921F110DF002F2C85 /* Project object */;
			proxyType = 1;
			remoteGlobalIDString = CEB244A021F110DF002F2C85;
			remoteInfo = "iOS-table-swift";
		};
		CEB244C121F110E1002F2C85 /* PBXContainerItemProxy */ = {
			isa = PBXContainerItemProxy;
			containerPortal = CEB2449921F110DF002F2C85 /* Project object */;
			proxyType = 1;
			remoteGlobalIDString = CEB244A021F110DF002F2C85;
			remoteInfo = "iOS-table-swift";
		};
/* End PBXContainerItemProxy section */

/* Begin PBXFileReference section */
		CEB244A121F110DF002F2C85 /* iOS-table-swift.app */ = {isa = PBXFileReference; explicitFileType = wrapper.application; includeInIndex = 0; path = "iOS-table-swift.app"; sourceTree = BUILT_PRODUCTS_DIR; };
		CEB244A421F110DF002F2C85 /* AppDelegate.swift */ = {isa = PBXFileReference; lastKnownFileType = sourcecode.swift; path = AppDelegate.swift; sourceTree = "<group>"; };
		CEB244A621F110DF002F2C85 /* ViewController.swift */ = {isa = PBXFileReference; lastKnownFileType = sourcecode.swift; path = ViewController.swift; sourceTree = "<group>"; };
		CEB244A921F110DF002F2C85 /* Base */ = {isa = PBXFileReference; lastKnownFileType = file.storyboard; name = Base; path = Base.lproj/Main.storyboard; sourceTree = "<group>"; };
		CEB244AB21F110E1002F2C85 /* Assets.xcassets */ = {isa = PBXFileReference; lastKnownFileType = folder.assetcatalog; path = Assets.xcassets; sourceTree = "<group>"; };
		CEB244AE21F110E1002F2C85 /* Base */ = {isa = PBXFileReference; lastKnownFileType = file.storyboard; name = Base; path = Base.lproj/LaunchScreen.storyboard; sourceTree = "<group>"; };
		CEB244B021F110E1002F2C85 /* Info.plist */ = {isa = PBXFileReference; lastKnownFileType = text.plist.xml; path = Info.plist; sourceTree = "<group>"; };
		CEB244B521F110E1002F2C85 /* iOS-table-swiftTests.xctest */ = {isa = PBXFileReference; explicitFileType = wrapper.cfbundle; includeInIndex = 0; path = "iOS-table-swiftTests.xctest"; sourceTree = BUILT_PRODUCTS_DIR; };
		CEB244B921F110E1002F2C85 /* iOS_table_swiftTests.swift */ = {isa = PBXFileReference; lastKnownFileType = sourcecode.swift; path = iOS_table_swiftTests.swift; sourceTree = "<group>"; };
		CEB244BB21F110E1002F2C85 /* Info.plist */ = {isa = PBXFileReference; lastKnownFileType = text.plist.xml; path = Info.plist; sourceTree = "<group>"; };
		CEB244C021F110E1002F2C85 /* iOS-table-swiftUITests.xctest */ = {isa = PBXFileReference; explicitFileType = wrapper.cfbundle; includeInIndex = 0; path = "iOS-table-swiftUITests.xctest"; sourceTree = BUILT_PRODUCTS_DIR; };
		CEB244C421F110E1002F2C85 /* iOS_table_swiftUITests.swift */ = {isa = PBXFileReference; lastKnownFileType = sourcecode.swift; path = iOS_table_swiftUITests.swift; sourceTree = "<group>"; };
		CEB244C621F110E1002F2C85 /* Info.plist */ = {isa = PBXFileReference; lastKnownFileType = text.plist.xml; path = Info.plist; sourceTree = "<group>"; };
		CEB244D221F12461002F2C85 /* ListItems.swift */ = {isa = PBXFileReference; lastKnownFileType = sourcecode.swift; path = ListItems.swift; sourceTree = "<group>"; };
		CEB244D621F13F0A002F2C85 /* Cell.swift */ = {isa = PBXFileReference; lastKnownFileType = sourcecode.swift; path = Cell.swift; sourceTree = "<group>"; };
/* End PBXFileReference section */

/* Begin PBXFrameworksBuildPhase section */
		CEB2449E21F110DF002F2C85 /* Frameworks */ = {
			isa = PBXFrameworksBuildPhase;
			buildActionMask = 2147483647;
			files = (
			);
			runOnlyForDeploymentPostprocessing = 0;
		};
		CEB244B221F110E1002F2C85 /* Frameworks */ = {
			isa = PBXFrameworksBuildPhase;
			buildActionMask = 2147483647;
			files = (
			);
			runOnlyForDeploymentPostprocessing = 0;
		};
		CEB244BD21F110E1002F2C85 /* Frameworks */ = {
			isa = PBXFrameworksBuildPhase;
			buildActionMask = 2147483647;
			files = (
			);
			runOnlyForDeploymentPostprocessing = 0;
		};
/* End PBXFrameworksBuildPhase section */

/* Begin PBXGroup section */
		CEB2449821F110DF002F2C85 = {
			isa = PBXGroup;
			children = (
				CEB244A321F110DF002F2C85 /* iOS-table-swift */,
				CEB244B821F110E1002F2C85 /* iOS-table-swiftTests */,
				CEB244C321F110E1002F2C85 /* iOS-table-swiftUITests */,
				CEB244A221F110DF002F2C85 /* Products */,
			);
			sourceTree = "<group>";
		};
		CEB244A221F110DF002F2C85 /* Products */ = {
			isa = PBXGroup;
			children = (
				CEB244A121F110DF002F2C85 /* iOS-table-swift.app */,
				CEB244B521F110E1002F2C85 /* iOS-table-swiftTests.xctest */,
				CEB244C021F110E1002F2C85 /* iOS-table-swiftUITests.xctest */,
			);
			name = Products;
			sourceTree = "<group>";
		};
		CEB244A321F110DF002F2C85 /* iOS-table-swift */ = {
			isa = PBXGroup;
			children = (
				CEB244D221F12461002F2C85 /* ListItems.swift */,
				CEB244A421F110DF002F2C85 /* AppDelegate.swift */,
				CEB244A621F110DF002F2C85 /* ViewController.swift */,
				CEB244D621F13F0A002F2C85 /* Cell.swift */,
				CEB244A821F110DF002F2C85 /* Main.storyboard */,
				CEB244AB21F110E1002F2C85 /* Assets.xcassets */,
				CEB244AD21F110E1002F2C85 /* LaunchScreen.storyboard */,
				CEB244B021F110E1002F2C85 /* Info.plist */,
			);
			path = "iOS-table-swift";
			sourceTree = "<group>";
		};
		CEB244B821F110E1002F2C85 /* iOS-table-swiftTests */ = {
			isa = PBXGroup;
			children = (
				CEB244B921F110E1002F2C85 /* iOS_table_swiftTests.swift */,
				CEB244BB21F110E1002F2C85 /* Info.plist */,
			);
			path = "iOS-table-swiftTests";
			sourceTree = "<group>";
		};
		CEB244C321F110E1002F2C85 /* iOS-table-swiftUITests */ = {
			isa = PBXGroup;
			children = (
				CEB244C421F110E1002F2C85 /* iOS_table_swiftUITests.swift */,
				CEB244C621F110E1002F2C85 /* Info.plist */,
			);
			path = "iOS-table-swiftUITests";
			sourceTree = "<group>";
		};
/* End PBXGroup section */

/* Begin PBXNativeTarget section */
		CEB244A021F110DF002F2C85 /* iOS-table-swift */ = {
			isa = PBXNativeTarget;
			buildConfigurationList = CEB244C921F110E1002F2C85 /* Build configuration list for PBXNativeTarget "iOS-table-swift" */;
			buildPhases = (
				CEB2449D21F110DF002F2C85 /* Sources */,
				CEB2449E21F110DF002F2C85 /* Frameworks */,
				CEB2449F21F110DF002F2C85 /* Resources */,
			);
			buildRules = (
			);
			dependencies = (
			);
			name = "iOS-table-swift";
			productName = "iOS-table-swift";
			productReference = CEB244A121F110DF002F2C85 /* iOS-table-swift.app */;
			productType = "com.apple.product-type.application";
		};
		CEB244B421F110E1002F2C85 /* iOS-table-swiftTests */ = {
			isa = PBXNativeTarget;
			buildConfigurationList = CEB244CC21F110E1002F2C85 /* Build configuration list for PBXNativeTarget "iOS-table-swiftTests" */;
			buildPhases = (
				CEB244B121F110E1002F2C85 /* Sources */,
				CEB244B221F110E1002F2C85 /* Frameworks */,
				CEB244B321F110E1002F2C85 /* Resources */,
			);
			buildRules = (
			);
			dependencies = (
				CEB244B721F110E1002F2C85 /* PBXTargetDependency */,
			);
			name = "iOS-table-swiftTests";
			productName = "iOS-table-swiftTests";
			productReference = CEB244B521F110E1002F2C85 /* iOS-table-swiftTests.xctest */;
			productType = "com.apple.product-type.bundle.unit-test";
		};
		CEB244BF21F110E1002F2C85 /* iOS-table-swiftUITests */ = {
			isa = PBXNativeTarget;
			buildConfigurationList = CEB244CF21F110E1002F2C85 /* Build configuration list for PBXNativeTarget "iOS-table-swiftUITests" */;
			buildPhases = (
				CEB244BC21F110E1002F2C85 /* Sources */,
				CEB244BD21F110E1002F2C85 /* Frameworks */,
				CEB244BE21F110E1002F2C85 /* Resources */,
			);
			buildRules = (
			);
			dependencies = (
				CEB244C221F110E1002F2C85 /* PBXTargetDependency */,
			);
			name = "iOS-table-swiftUITests";
			productName = "iOS-table-swiftUITests";
			productReference = CEB244C021F110E1002F2C85 /* iOS-table-swiftUITests.xctest */;
			productType = "com.apple.product-type.bundle.ui-testing";
		};
/* End PBXNativeTarget section */

/* Begin PBXProject section */
		CEB2449921F110DF002F2C85 /* Project object */ = {
			isa = PBXProject;
			attributes = {
				LastSwiftUpdateCheck = 1000;
				LastUpgradeCheck = 1000;
				ORGANIZATIONNAME = Rushil;
				TargetAttributes = {
					CEB244A021F110DF002F2C85 = {
						CreatedOnToolsVersion = 10.0;
					};
					CEB244B421F110E1002F2C85 = {
						CreatedOnToolsVersion = 10.0;
						TestTargetID = CEB244A021F110DF002F2C85;
					};
					CEB244BF21F110E1002F2C85 = {
						CreatedOnToolsVersion = 10.0;
						TestTargetID = CEB244A021F110DF002F2C85;
					};
				};
			};
			buildConfigurationList = CEB2449C21F110DF002F2C85 /* Build configuration list for PBXProject "iOS-table-swift" */;
			compatibilityVersion = "Xcode 9.3";
			developmentRegion = en;
			hasScannedForEncodings = 0;
			knownRegions = (
				en,
				Base,
			);
			mainGroup = CEB2449821F110DF002F2C85;
			productRefGroup = CEB244A221F110DF002F2C85 /* Products */;
			projectDirPath = "";
			projectRoot = "";
			targets = (
				CEB244A021F110DF002F2C85 /* iOS-table-swift */,
				CEB244B421F110E1002F2C85 /* iOS-table-swiftTests */,
				CEB244BF21F110E1002F2C85 /* iOS-table-swiftUITests */,
			);
		};
/* End PBXProject section */

/* Begin PBXResourcesBuildPhase section */
		CEB2449F21F110DF002F2C85 /* Resources */ = {
			isa = PBXResourcesBuildPhase;
			buildActionMask = 2147483647;
			files = (
				CEB244AF21F110E1002F2C85 /* LaunchScreen.storyboard in Resources */,
				CEB244AC21F110E1002F2C85 /* Assets.xcassets in Resources */,
				CEB244AA21F110DF002F2C85 /* Main.storyboard in Resources */,
			);
			runOnlyForDeploymentPostprocessing = 0;
		};
		CEB244B321F110E1002F2C85 /* Resources */ = {
			isa = PBXResourcesBuildPhase;
			buildActionMask = 2147483647;
			files = (
			);
			runOnlyForDeploymentPostprocessing = 0;
		};
		CEB244BE21F110E1002F2C85 /* Resources */ = {
			isa = PBXResourcesBuildPhase;
			buildActionMask = 2147483647;
			files = (
			);
			runOnlyForDeploymentPostprocessing = 0;
		};
/* End PBXResourcesBuildPhase section */

/* Begin PBXSourcesBuildPhase section */
		CEB2449D21F110DF002F2C85 /* Sources */ = {
			isa = PBXSourcesBuildPhase;
			buildActionMask = 2147483647;
			files = (
				CEB244D321F12461002F2C85 /* ListItems.swift in Sources */,
				CEB244D721F13F0A002F2C85 /* Cell.swift in Sources */,
				CEB244A721F110DF002F2C85 /* ViewController.swift in Sources */,
				CEB244A521F110DF002F2C85 /* AppDelegate.swift in Sources */,
			);
			runOnlyForDeploymentPostprocessing = 0;
		};
		CEB244B121F110E1002F2C85 /* Sources */ = {
			isa = PBXSourcesBuildPhase;
			buildActionMask = 2147483647;
			files = (
				CEB244BA21F110E1002F2C85 /* iOS_table_swiftTests.swift in Sources */,
			);
			runOnlyForDeploymentPostprocessing = 0;
		};
		CEB244BC21F110E1002F2C85 /* Sources */ = {
			isa = PBXSourcesBuildPhase;
			buildActionMask = 2147483647;
			files = (
				CEB244C521F110E1002F2C85 /* iOS_table_swiftUITests.swift in Sources */,
			);
			runOnlyForDeploymentPostprocessing = 0;
		};
/* End PBXSourcesBuildPhase section */

/* Begin PBXTargetDependency section */
		CEB244B721F110E1002F2C85 /* PBXTargetDependency */ = {
			isa = PBXTargetDependency;
			target = CEB244A021F110DF002F2C85 /* iOS-table-swift */;
			targetProxy = CEB244B621F110E1002F2C85 /* PBXContainerItemProxy */;
		};
		CEB244C221F110E1002F2C85 /* PBXTargetDependency */ = {
			isa = PBXTargetDependency;
			target = CEB244A021F110DF002F2C85 /* iOS-table-swift */;
			targetProxy = CEB244C121F110E1002F2C85 /* PBXContainerItemProxy */;
		};
/* End PBXTargetDependency section */

/* Begin PBXVariantGroup section */
		CEB244A821F110DF002F2C85 /* Main.storyboard */ = {
			isa = PBXVariantGroup;
			children = (
				CEB244A921F110DF002F2C85 /* Base */,
			);
			name = Main.storyboard;
			sourceTree = "<group>";
		};
		CEB244AD21F110E1002F2C85 /* LaunchScreen.storyboard */ = {
			isa = PBXVariantGroup;
			children = (
				CEB244AE21F110E1002F2C85 /* Base */,
			);
			name = LaunchScreen.storyboard;
			sourceTree = "<group>";
		};
/* End PBXVariantGroup section */

/* Begin XCBuildConfiguration section */
		CEB244C721F110E1002F2C85 /* Debug */ = {
			isa = XCBuildConfiguration;
			buildSettings = {
				ALWAYS_SEARCH_USER_PATHS = NO;
				CLANG_ANALYZER_NONNULL = YES;
				CLANG_ANALYZER_NUMBER_OBJECT_CONVERSION = YES_AGGRESSIVE;
				CLANG_CXX_LANGUAGE_STANDARD = "gnu++14";
				CLANG_CXX_LIBRARY = "libc++";
				CLANG_ENABLE_MODULES = YES;
				CLANG_ENABLE_OBJC_ARC = YES;
				CLANG_ENABLE_OBJC_WEAK = YES;
				CLANG_WARN_BLOCK_CAPTURE_AUTORELEASING = YES;
				CLANG_WARN_BOOL_CONVERSION = YES;
				CLANG_WARN_COMMA = YES;
				CLANG_WARN_CONSTANT_CONVERSION = YES;
				CLANG_WARN_DEPRECATED_OBJC_IMPLEMENTATIONS = YES;
				CLANG_WARN_DIRECT_OBJC_ISA_USAGE = YES_ERROR;
				CLANG_WARN_DOCUMENTATION_COMMENTS = YES;
				CLANG_WARN_EMPTY_BODY = YES;
				CLANG_WARN_ENUM_CONVERSION = YES;
				CLANG_WARN_INFINITE_RECURSION = YES;
				CLANG_WARN_INT_CONVERSION = YES;
				CLANG_WARN_NON_LITERAL_NULL_CONVERSION = YES;
				CLANG_WARN_OBJC_IMPLICIT_RETAIN_SELF = YES;
				CLANG_WARN_OBJC_LITERAL_CONVERSION = YES;
				CLANG_WARN_OBJC_ROOT_CLASS = YES_ERROR;
				CLANG_WARN_RANGE_LOOP_ANALYSIS = YES;
				CLANG_WARN_STRICT_PROTOTYPES = YES;
				CLANG_WARN_SUSPICIOUS_MOVE = YES;
				CLANG_WARN_UNGUARDED_AVAILABILITY = YES_AGGRESSIVE;
				CLANG_WARN_UNREACHABLE_CODE = YES;
				CLANG_WARN__DUPLICATE_METHOD_MATCH = YES;
				CODE_SIGN_IDENTITY = "iPhone Developer";
				COPY_PHASE_STRIP = NO;
				DEBUG_INFORMATION_FORMAT = dwarf;
				ENABLE_STRICT_OBJC_MSGSEND = YES;
				ENABLE_TESTABILITY = YES;
				GCC_C_LANGUAGE_STANDARD = gnu11;
				GCC_DYNAMIC_NO_PIC = NO;
				GCC_NO_COMMON_BLOCKS = YES;
				GCC_OPTIMIZATION_LEVEL = 0;
				GCC_PREPROCESSOR_DEFINITIONS = (
					"DEBUG=1",
					"$(inherited)",
				);
				GCC_WARN_64_TO_32_BIT_CONVERSION = YES;
				GCC_WARN_ABOUT_RETURN_TYPE = YES_ERROR;
				GCC_WARN_UNDECLARED_SELECTOR = YES;
				GCC_WARN_UNINITIALIZED_AUTOS = YES_AGGRESSIVE;
				GCC_WARN_UNUSED_FUNCTION = YES;
				GCC_WARN_UNUSED_VARIABLE = YES;
				IPHONEOS_DEPLOYMENT_TARGET = 12.0;
				MTL_ENABLE_DEBUG_INFO = INCLUDE_SOURCE;
				MTL_FAST_MATH = YES;
				ONLY_ACTIVE_ARCH = YES;
				SDKROOT = iphoneos;
				SWIFT_ACTIVE_COMPILATION_CONDITIONS = DEBUG;
				SWIFT_OPTIMIZATION_LEVEL = "-Onone";
			};
			name = Debug;
		};
		CEB244C821F110E1002F2C85 /* Release */ = {
			isa = XCBuildConfiguration;
			buildSettings = {
				ALWAYS_SEARCH_USER_PATHS = NO;
				CLANG_ANALYZER_NONNULL = YES;
				CLANG_ANALYZER_NUMBER_OBJECT_CONVERSION = YES_AGGRESSIVE;
				CLANG_CXX_LANGUAGE_STANDARD = "gnu++14";
				CLANG_CXX_LIBRARY = "libc++";
				CLANG_ENABLE_MODULES = YES;
				CLANG_ENABLE_OBJC_ARC = YES;
				CLANG_ENABLE_OBJC_WEAK = YES;
				CLANG_WARN_BLOCK_CAPTURE_AUTORELEASING = YES;
				CLANG_WARN_BOOL_CONVERSION = YES;
				CLANG_WARN_COMMA = YES;
				CLANG_WARN_CONSTANT_CONVERSION = YES;
				CLANG_WARN_DEPRECATED_OBJC_IMPLEMENTATIONS = YES;
				CLANG_WARN_DIRECT_OBJC_ISA_USAGE = YES_ERROR;
				CLANG_WARN_DOCUMENTATION_COMMENTS = YES;
				CLANG_WARN_EMPTY_BODY = YES;
				CLANG_WARN_ENUM_CONVERSION = YES;
				CLANG_WARN_INFINITE_RECURSION = YES;
				CLANG_WARN_INT_CONVERSION = YES;
				CLANG_WARN_NON_LITERAL_NULL_CONVERSION = YES;
				CLANG_WARN_OBJC_IMPLICIT_RETAIN_SELF = YES;
				CLANG_WARN_OBJC_LITERAL_CONVERSION = YES;
				CLANG_WARN_OBJC_ROOT_CLASS = YES_ERROR;
				CLANG_WARN_RANGE_LOOP_ANALYSIS = YES;
				CLANG_WARN_STRICT_PROTOTYPES = YES;
				CLANG_WARN_SUSPICIOUS_MOVE = YES;
				CLANG_WARN_UNGUARDED_AVAILABILITY = YES_AGGRESSIVE;
				CLANG_WARN_UNREACHABLE_CODE = YES;
				CLANG_WARN__DUPLICATE_METHOD_MATCH = YES;
				CODE_SIGN_IDENTITY = "iPhone Developer";
				COPY_PHASE_STRIP = NO;
				DEBUG_INFORMATION_FORMAT = "dwarf-with-dsym";
				ENABLE_NS_ASSERTIONS = NO;
				ENABLE_STRICT_OBJC_MSGSEND = YES;
				GCC_C_LANGUAGE_STANDARD = gnu11;
				GCC_NO_COMMON_BLOCKS = YES;
				GCC_WARN_64_TO_32_BIT_CONVERSION = YES;
				GCC_WARN_ABOUT_RETURN_TYPE = YES_ERROR;
				GCC_WARN_UNDECLARED_SELECTOR = YES;
				GCC_WARN_UNINITIALIZED_AUTOS = YES_AGGRESSIVE;
				GCC_WARN_UNUSED_FUNCTION = YES;
				GCC_WARN_UNUSED_VARIABLE = YES;
				IPHONEOS_DEPLOYMENT_TARGET = 12.0;
				MTL_ENABLE_DEBUG_INFO = NO;
				MTL_FAST_MATH = YES;
				SDKROOT = iphoneos;
				SWIFT_COMPILATION_MODE = wholemodule;
				SWIFT_OPTIMIZATION_LEVEL = "-O";
				VALIDATE_PRODUCT = YES;
			};
			name = Release;
		};
		CEB244CA21F110E1002F2C85 /* Debug */ = {
			isa = XCBuildConfiguration;
			buildSettings = {
				ASSETCATALOG_COMPILER_APPICON_NAME = AppIcon;
				CODE_SIGN_STYLE = Automatic;
				DEVELOPMENT_TEAM = "";
				INFOPLIST_FILE = "iOS-table-swift/Info.plist";
				LD_RUNPATH_SEARCH_PATHS = (
					"$(inherited)",
					"@executable_path/Frameworks",
				);
				PRODUCT_BUNDLE_IDENTIFIER = "bbm.iOS-table-swift";
				PRODUCT_NAME = "$(TARGET_NAME)";
				SWIFT_VERSION = 4.2;
				TARGETED_DEVICE_FAMILY = "1,2";
			};
			name = Debug;
		};
		CEB244CB21F110E1002F2C85 /* Release */ = {
			isa = XCBuildConfiguration;
			buildSettings = {
				ASSETCATALOG_COMPILER_APPICON_NAME = AppIcon;
				CODE_SIGN_STYLE = Automatic;
				DEVELOPMENT_TEAM = "";
				INFOPLIST_FILE = "iOS-table-swift/Info.plist";
				LD_RUNPATH_SEARCH_PATHS = (
					"$(inherited)",
					"@executable_path/Frameworks",
				);
				PRODUCT_BUNDLE_IDENTIFIER = "bbm.iOS-table-swift";
				PRODUCT_NAME = "$(TARGET_NAME)";
				SWIFT_VERSION = 4.2;
				TARGETED_DEVICE_FAMILY = "1,2";
			};
			name = Release;
		};
		CEB244CD21F110E1002F2C85 /* Debug */ = {
			isa = XCBuildConfiguration;
			buildSettings = {
				ALWAYS_EMBED_SWIFT_STANDARD_LIBRARIES = YES;
				BUNDLE_LOADER = "$(TEST_HOST)";
				CODE_SIGN_STYLE = Automatic;
				INFOPLIST_FILE = "iOS-table-swiftTests/Info.plist";
				LD_RUNPATH_SEARCH_PATHS = (
					"$(inherited)",
					"@executable_path/Frameworks",
					"@loader_path/Frameworks",
				);
				PRODUCT_BUNDLE_IDENTIFIER = "bbm.iOS-table-swiftTests";
				PRODUCT_NAME = "$(TARGET_NAME)";
				SWIFT_VERSION = 4.2;
				TARGETED_DEVICE_FAMILY = "1,2";
				TEST_HOST = "$(BUILT_PRODUCTS_DIR)/iOS-table-swift.app/iOS-table-swift";
			};
			name = Debug;
		};
		CEB244CE21F110E1002F2C85 /* Release */ = {
			isa = XCBuildConfiguration;
			buildSettings = {
				ALWAYS_EMBED_SWIFT_STANDARD_LIBRARIES = YES;
				BUNDLE_LOADER = "$(TEST_HOST)";
				CODE_SIGN_STYLE = Automatic;
				INFOPLIST_FILE = "iOS-table-swiftTests/Info.plist";
				LD_RUNPATH_SEARCH_PATHS = (
					"$(inherited)",
					"@executable_path/Frameworks",
					"@loader_path/Frameworks",
				);
				PRODUCT_BUNDLE_IDENTIFIER = "bbm.iOS-table-swiftTests";
				PRODUCT_NAME = "$(TARGET_NAME)";
				SWIFT_VERSION = 4.2;
				TARGETED_DEVICE_FAMILY = "1,2";
				TEST_HOST = "$(BUILT_PRODUCTS_DIR)/iOS-table-swift.app/iOS-table-swift";
			};
			name = Release;
		};
		CEB244D021F110E1002F2C85 /* Debug */ = {
			isa = XCBuildConfiguration;
			buildSettings = {
				ALWAYS_EMBED_SWIFT_STANDARD_LIBRARIES = YES;
				CODE_SIGN_STYLE = Automatic;
				INFOPLIST_FILE = "iOS-table-swiftUITests/Info.plist";
				LD_RUNPATH_SEARCH_PATHS = (
					"$(inherited)",
					"@executable_path/Frameworks",
					"@loader_path/Frameworks",
				);
				PRODUCT_BUNDLE_IDENTIFIER = "bbm.iOS-table-swiftUITests";
				PRODUCT_NAME = "$(TARGET_NAME)";
				SWIFT_VERSION = 4.2;
				TARGETED_DEVICE_FAMILY = "1,2";
				TEST_TARGET_NAME = "iOS-table-swift";
			};
			name = Debug;
		};
		CEB244D121F110E1002F2C85 /* Release */ = {
			isa = XCBuildConfiguration;
			buildSettings = {
				ALWAYS_EMBED_SWIFT_STANDARD_LIBRARIES = YES;
				CODE_SIGN_STYLE = Automatic;
				INFOPLIST_FILE = "iOS-table-swiftUITests/Info.plist";
				LD_RUNPATH_SEARCH_PATHS = (
					"$(inherited)",
					"@executable_path/Frameworks",
					"@loader_path/Frameworks",
				);
				PRODUCT_BUNDLE_IDENTIFIER = "bbm.iOS-table-swiftUITests";
				PRODUCT_NAME = "$(TARGET_NAME)";
				SWIFT_VERSION = 4.2;
				TARGETED_DEVICE_FAMILY = "1,2";
				TEST_TARGET_NAME = "iOS-table-swift";
			};
			name = Release;
		};
/* End XCBuildConfiguration section */

/* Begin XCConfigurationList section */
		CEB2449C21F110DF002F2C85 /* Build configuration list for PBXProject "iOS-table-swift" */ = {
			isa = XCConfigurationList;
			buildConfigurations = (
				CEB244C721F110E1002F2C85 /* Debug */,
				CEB244C821F110E1002F2C85 /* Release */,
			);
			defaultConfigurationIsVisible = 0;
			defaultConfigurationName = Release;
		};
		CEB244C921F110E1002F2C85 /* Build configuration list for PBXNativeTarget "iOS-table-swift" */ = {
			isa = XCConfigurationList;
			buildConfigurations = (
				CEB244CA21F110E1002F2C85 /* Debug */,
				CEB244CB21F110E1002F2C85 /* Release */,
			);
			defaultConfigurationIsVisible = 0;
			defaultConfigurationName = Release;
		};
		CEB244CC21F110E1002F2C85 /* Build configuration list for PBXNativeTarget "iOS-table-swiftTests" */ = {
			isa = XCConfigurationList;
			buildConfigurations = (
				CEB244CD21F110E1002F2C85 /* Debug */,
				CEB244CE21F110E1002F2C85 /* Release */,
			);
			defaultConfigurationIsVisible = 0;
			defaultConfigurationName = Release;
		};
		CEB244CF21F110E1002F2C85 /* Build configuration list for PBXNativeTarget "iOS-table-swiftUITests" */ = {
			isa = XCConfigurationList;
			buildConfigurations = (
				CEB244D021F110E1002F2C85 /* Debug */,
				CEB244D121F110E1002F2C85 /* Release */,
			);
			defaultConfigurationIsVisible = 0;
			defaultConfigurationName = Release;
		};
/* End XCConfigurationList section */
	};
	rootObject = CEB2449921F110DF002F2C85 /* Project object */;
}
